
Microsoft Visual Studio Solution File, Format Version 12.00
# Visual Studio Version 17
VisualStudioVersion = 17.12.35514.174
MinimumVisualStudioVersion = 10.0.40219.1
Project("{FAE04EC0-301F-11D3-BF4B-00C04F79EFBC}") = "DatesAndStuff", "DatesAndStuff\src\DatesAndStuff\DatesAndStuff.csproj", "{4B0B8ACE-6E87-4FE3-8873-F186C5FF66E8}"
EndProject
Project("{FAE04EC0-301F-11D3-BF4B-00C04F79EFBC}") = "DatesAndStuff.Tests", "DatesAndStuff\test\DatesAndStuff.Tests\DatesAndStuff.Tests.csproj", "{2872B081-A50B-47E7-B172-24C00459FD94}"
EndProject
Project("{FAE04EC0-301F-11D3-BF4B-00C04F79EFBC}") = "DatesAndStuff.Web", "DatesAndStuff.Web\src\DatesAndStuff.Web\DatesAndStuff.Web.csproj", "{242C6736-8BDB-45DC-B11B-63736452CDA7}"
EndProject
Project("{FAE04EC0-301F-11D3-BF4B-00C04F79EFBC}") = "DatesAndStuff.Web.Tests", "DatesAndStuff.Web\test\DatesAndStuff.Web.Tests\DatesAndStuff.Web.Tests.csproj", "{522D5833-C0D5-4CEC-87E5-6403C26BF16D}"
EndProject
Project("{FAE04EC0-301F-11D3-BF4B-00C04F79EFBC}") = "DatesAndStuff.Mobile", "DatesAndStuff.Mobile\src\DatesAndStuff.Mobile\DatesAndStuff.Mobile.csproj", "{3AED6208-D756-479D-9A7A-90EF6F08E092}"
EndProject
Project("{FAE04EC0-301F-11D3-BF4B-00C04F79EFBC}") = "DatesAndStuff.Mobile.Tests.Android", "DatesAndStuff.Mobile\test\DatesAndStuff.Mobile.Tests.Android\DatesAndStuff.Mobile.Tests.Android.csproj", "{7C586F73-6806-40EA-B64D-6DB4954B9362}"
EndProject
Project("{FAE04EC0-301F-11D3-BF4B-00C04F79EFBC}") = "DatesAndStuff.Mobile.Tests.Shared", "DatesAndStuff.Mobile\test\DatesAndStuff.Mobile.Tests.Shared\DatesAndStuff.Mobile.Tests.Shared.csproj", "{21B97BC6-C8FE-4611-9245-A55B3C434490}"
EndProject
Project("{FAE04EC0-301F-11D3-BF4B-00C04F79EFBC}") = "DatesAndStuff.BehaviourTests", "DatesAndStuff\test\DatesAndStuff.BehaviourTests\DatesAndStuff.BehaviourTests.csproj", "{EDB6F675-E714-42DE-B7FD-6E2CC5B843B3}"
EndProject
Global
	GlobalSection(SolutionConfigurationPlatforms) = preSolution
		Debug|Any CPU = Debug|Any CPU
		Release|Any CPU = Release|Any CPU
	EndGlobalSection
	GlobalSection(ProjectConfigurationPlatforms) = postSolution
		{4B0B8ACE-6E87-4FE3-8873-F186C5FF66E8}.Debug|Any CPU.ActiveCfg = Debug|Any CPU
		{4B0B8ACE-6E87-4FE3-8873-F186C5FF66E8}.Debug|Any CPU.Build.0 = Debug|Any CPU
		{4B0B8ACE-6E87-4FE3-8873-F186C5FF66E8}.Release|Any CPU.ActiveCfg = Release|Any CPU
		{4B0B8ACE-6E87-4FE3-8873-F186C5FF66E8}.Release|Any CPU.Build.0 = Release|Any CPU
		{2872B081-A50B-47E7-B172-24C00459FD94}.Debug|Any CPU.ActiveCfg = Debug|Any CPU
		{2872B081-A50B-47E7-B172-24C00459FD94}.Debug|Any CPU.Build.0 = Debug|Any CPU
		{2872B081-A50B-47E7-B172-24C00459FD94}.Release|Any CPU.ActiveCfg = Release|Any CPU
		{2872B081-A50B-47E7-B172-24C00459FD94}.Release|Any CPU.Build.0 = Release|Any CPU
		{242C6736-8BDB-45DC-B11B-63736452CDA7}.Debug|Any CPU.ActiveCfg = Debug|Any CPU
		{242C6736-8BDB-45DC-B11B-63736452CDA7}.Debug|Any CPU.Build.0 = Debug|Any CPU
		{242C6736-8BDB-45DC-B11B-63736452CDA7}.Release|Any CPU.ActiveCfg = Release|Any CPU
		{242C6736-8BDB-45DC-B11B-63736452CDA7}.Release|Any CPU.Build.0 = Release|Any CPU
		{522D5833-C0D5-4CEC-87E5-6403C26BF16D}.Debug|Any CPU.ActiveCfg = Debug|Any CPU
		{522D5833-C0D5-4CEC-87E5-6403C26BF16D}.Debug|Any CPU.Build.0 = Debug|Any CPU
		{522D5833-C0D5-4CEC-87E5-6403C26BF16D}.Release|Any CPU.ActiveCfg = Release|Any CPU
		{522D5833-C0D5-4CEC-87E5-6403C26BF16D}.Release|Any CPU.Build.0 = Release|Any CPU
		{3AED6208-D756-479D-9A7A-90EF6F08E092}.Debug|Any CPU.ActiveCfg = Debug|Any CPU
		{3AED6208-D756-479D-9A7A-90EF6F08E092}.Debug|Any CPU.Build.0 = Debug|Any CPU
		{3AED6208-D756-479D-9A7A-90EF6F08E092}.Release|Any CPU.ActiveCfg = Release|Any CPU
		{3AED6208-D756-479D-9A7A-90EF6F08E092}.Release|Any CPU.Build.0 = Release|Any CPU
		{7C586F73-6806-40EA-B64D-6DB4954B9362}.Debug|Any CPU.ActiveCfg = Debug|Any CPU
		{7C586F73-6806-40EA-B64D-6DB4954B9362}.Debug|Any CPU.Build.0 = Debug|Any CPU
		{7C586F73-6806-40EA-B64D-6DB4954B9362}.Release|Any CPU.ActiveCfg = Release|Any CPU
		{7C586F73-6806-40EA-B64D-6DB4954B9362}.Release|Any CPU.Build.0 = Release|Any CPU
		{21B97BC6-C8FE-4611-9245-A55B3C434490}.Debug|Any CPU.ActiveCfg = Debug|Any CPU
		{21B97BC6-C8FE-4611-9245-A55B3C434490}.Debug|Any CPU.Build.0 = Debug|Any CPU
		{21B97BC6-C8FE-4611-9245-A55B3C434490}.Release|Any CPU.ActiveCfg = Release|Any CPU
		{21B97BC6-C8FE-4611-9245-A55B3C434490}.Release|Any CPU.Build.0 = Release|Any CPU
		{EDB6F675-E714-42DE-B7FD-6E2CC5B843B3}.Debug|Any CPU.ActiveCfg = Debug|Any CPU
		{EDB6F675-E714-42DE-B7FD-6E2CC5B843B3}.Debug|Any CPU.Build.0 = Debug|Any CPU
		{EDB6F675-E714-42DE-B7FD-6E2CC5B843B3}.Release|Any CPU.ActiveCfg = Release|Any CPU
		{EDB6F675-E714-42DE-B7FD-6E2CC5B843B3}.Release|Any CPU.Build.0 = Release|Any CPU
	EndGlobalSection
	GlobalSection(SolutionProperties) = preSolution
		HideSolutionNode = FALSE
	EndGlobalSection
EndGlobal
